
Microsoft Visual Studio Solution File, Format Version 12.00
# Visual Studio Version 17
VisualStudioVersion = 17.7.34018.315
MinimumVisualStudioVersion = 10.0.40219.1
Project("{FAE04EC0-301F-11D3-BF4B-00C04F79EFBC}") = "Notepad", "Notepad\Notepad.csproj", "{76AD7838-0FBE-47E4-BC67-D589958A346B}"
EndProject
Global
	GlobalSection(SolutionConfigurationPlatforms) = preSolution
		Debug|Any CPU = Debug|Any CPU
		Release|Any CPU = Release|Any CPU
	EndGlobalSection
	GlobalSection(ProjectConfigurationPlatforms) = postSolution
		{76AD7838-0FBE-47E4-BC67-D589958A346B}.Debug|Any CPU.ActiveCfg = Debug|Any CPU
		{76AD7838-0FBE-47E4-BC67-D589958A346B}.Debug|Any CPU.Build.0 = Debug|Any CPU
		{76AD7838-0FBE-47E4-BC67-D589958A346B}.Release|Any CPU.ActiveCfg = Release|Any CPU
		{76AD7838-0FBE-47E4-BC67-D589958A346B}.Release|Any CPU.Build.0 = Release|Any CPU
	EndGlobalSection
	GlobalSection(SolutionProperties) = preSolution
		HideSolutionNode = FALSE
	EndGlobalSection
	GlobalSection(ExtensibilityGlobals) = postSolution
		SolutionGuid = {4FFED6D6-05CD-45A9-B903-3E8D20989257}
	EndGlobalSection
EndGlobal
