
Microsoft Visual Studio Solution File, Format Version 12.00
# Visual Studio Version 17
VisualStudioVersion = 17.6.33829.357
MinimumVisualStudioVersion = 10.0.40219.1
Project("{FAE04EC0-301F-11D3-BF4B-00C04F79EFBC}") = "salereport", "salereport.csproj", "{3F8D1D28-90AA-46DA-9896-5DB6834CE640}"
EndProject
Global
	GlobalSection(SolutionConfigurationPlatforms) = preSolution
		Debug|Any CPU = Debug|Any CPU
		Release|Any CPU = Release|Any CPU
	EndGlobalSection
	GlobalSection(ProjectConfigurationPlatforms) = postSolution
		{3F8D1D28-90AA-46DA-9896-5DB6834CE640}.Debug|Any CPU.ActiveCfg = Debug|Any CPU
		{3F8D1D28-90AA-46DA-9896-5DB6834CE640}.Debug|Any CPU.Build.0 = Debug|Any CPU
		{3F8D1D28-90AA-46DA-9896-5DB6834CE640}.Release|Any CPU.ActiveCfg = Release|Any CPU
		{3F8D1D28-90AA-46DA-9896-5DB6834CE640}.Release|Any CPU.Build.0 = Release|Any CPU
	EndGlobalSection
	GlobalSection(SolutionProperties) = preSolution
		HideSolutionNode = FALSE
	EndGlobalSection
	GlobalSection(ExtensibilityGlobals) = postSolution
		SolutionGuid = {A3CA8BAB-08F4-45AD-961B-8921E4163241}
	EndGlobalSection
EndGlobal
